
Microsoft Visual Studio Solution File, Format Version 12.00
# Visual Studio Version 17
VisualStudioVersion = 17.11.35327.3
MinimumVisualStudioVersion = 10.0.40219.1
Project("{2150E333-8FDC-42A3-9474-1A3956D46DE8}") = "Solution Items", "Solution Items", "{AB3BA502-0038-42E7-B3E5-30D019BF39A4}"
	ProjectSection(SolutionItems) = preProject
		.dockerignore = .dockerignore
		.editorconfig = .editorconfig
		.env = .env
		.gitignore = .gitignore
		Directory.Build.props = Directory.Build.props
		Directory.Packages.props = Directory.Packages.props
		docker-compose.yml = docker-compose.yml
		README.md = README.md
	EndProjectSection
EndProject
Project("{2150E333-8FDC-42A3-9474-1A3956D46DE8}") = "src", "src", "{034473F1-9171-4AFE-83C0-97A4591EDAEF}"
EndProject
Project("{9A19103F-16F7-4668-BE54-9A1E7A4F7556}") = "Fibonacci.DomainModel", "src\DomainModel\Fibonacci.DomainModel.csproj", "{376F9959-CD52-4BFA-AEAE-8310DCD13222}"
EndProject
Project("{9A19103F-16F7-4668-BE54-9A1E7A4F7556}") = "Fibonacci.DomainUseCases", "src\DomainUseCases\Fibonacci.DomainUseCases.csproj", "{FC5D9F70-6606-4868-84B6-86FA3546841F}"
EndProject
Project("{9A19103F-16F7-4668-BE54-9A1E7A4F7556}") = "Fibonacci.Infrastructure", "src\Infrastructure\Fibonacci.Infrastructure.csproj", "{4C9A4EF4-ECB0-4DEA-847A-7F9437BA71E8}"
EndProject
Project("{2150E333-8FDC-42A3-9474-1A3956D46DE8}") = "Apps", "Apps", "{C95B1DF6-1E8C-4F21-926F-E89233EDEC73}"
EndProject
Project("{9A19103F-16F7-4668-BE54-9A1E7A4F7556}") = "Fibonacci.Apps.FirstApp", "src\Apps\FirstApp\Fibonacci.Apps.FirstApp.csproj", "{4610F442-9D54-444D-93B2-709FF9E5E336}"
EndProject
Project("{9A19103F-16F7-4668-BE54-9A1E7A4F7556}") = "Fibonacci.Apps.SecondApp", "src\Apps\SecondApp\Fibonacci.Apps.SecondApp.csproj", "{4048269C-7DA0-4C29-A7A5-B651FE3245CB}"
EndProject
Project("{2150E333-8FDC-42A3-9474-1A3956D46DE8}") = "tests", "tests", "{B9EAC11D-B2F7-4BD2-BDAB-D153CCAF4A75}"
EndProject
Project("{FAE04EC0-301F-11D3-BF4B-00C04F79EFBC}") = "Fibonacci.DomainModel.Test", "tests\DomainModel.Test\Fibonacci.DomainModel.Test.csproj", "{06B94FEB-2738-4F92-BE41-1BA28F8F609F}"
EndProject
Project("{FAE04EC0-301F-11D3-BF4B-00C04F79EFBC}") = "Fibonacci.DomainModel.Tests", "tests\DomainModel.Tests\Fibonacci.DomainModel.Tests.csproj", "{931CF510-D5E0-4F62-9930-8F1D2728E422}"
EndProject
Project("{FAE04EC0-301F-11D3-BF4B-00C04F79EFBC}") = "Fibonacci.DomainUseCases.Tests", "tests\DomainUseCases.Tests\Fibonacci.DomainUseCases.Tests.csproj", "{C632FF3B-EA9C-4617-B7CB-41B1EE309ECD}"
EndProject
Project("{FAE04EC0-301F-11D3-BF4B-00C04F79EFBC}") = "Fibonacci.Infrastructure.Tests", "tests\Infrastructure.Tests\Fibonacci.Infrastructure.Tests.csproj", "{8469809C-3E29-4645-B1C6-EF301BA3A919}"
EndProject
Project("{2150E333-8FDC-42A3-9474-1A3956D46DE8}") = "Apps", "Apps", "{261D4B10-7542-4C0B-A5F6-8F0E6900A3BB}"
EndProject
Project("{FAE04EC0-301F-11D3-BF4B-00C04F79EFBC}") = "Fibonacci.Apps.FirstApp.Tests", "tests\Apps\FirstApp.Tests\Fibonacci.Apps.FirstApp.Tests.csproj", "{8E70FE34-BA43-43A5-9DD7-63442E772C11}"
EndProject
Project("{FAE04EC0-301F-11D3-BF4B-00C04F79EFBC}") = "Fibonacci.Apps.SecondApp.Tests", "tests\Apps\SecondApp.Tests\Fibonacci.Apps.SecondApp.Tests.csproj", "{02608767-D0B1-4F8F-ACD6-AF0EE78ECC74}"
EndProject
Global
	GlobalSection(SolutionConfigurationPlatforms) = preSolution
		Debug|Any CPU = Debug|Any CPU
		Release|Any CPU = Release|Any CPU
	EndGlobalSection
	GlobalSection(ProjectConfigurationPlatforms) = postSolution
		{376F9959-CD52-4BFA-AEAE-8310DCD13222}.Debug|Any CPU.ActiveCfg = Debug|Any CPU
		{376F9959-CD52-4BFA-AEAE-8310DCD13222}.Debug|Any CPU.Build.0 = Debug|Any CPU
		{376F9959-CD52-4BFA-AEAE-8310DCD13222}.Release|Any CPU.ActiveCfg = Release|Any CPU
		{376F9959-CD52-4BFA-AEAE-8310DCD13222}.Release|Any CPU.Build.0 = Release|Any CPU
		{FC5D9F70-6606-4868-84B6-86FA3546841F}.Debug|Any CPU.ActiveCfg = Debug|Any CPU
		{FC5D9F70-6606-4868-84B6-86FA3546841F}.Debug|Any CPU.Build.0 = Debug|Any CPU
		{FC5D9F70-6606-4868-84B6-86FA3546841F}.Release|Any CPU.ActiveCfg = Release|Any CPU
		{FC5D9F70-6606-4868-84B6-86FA3546841F}.Release|Any CPU.Build.0 = Release|Any CPU
		{4C9A4EF4-ECB0-4DEA-847A-7F9437BA71E8}.Debug|Any CPU.ActiveCfg = Debug|Any CPU
		{4C9A4EF4-ECB0-4DEA-847A-7F9437BA71E8}.Debug|Any CPU.Build.0 = Debug|Any CPU
		{4C9A4EF4-ECB0-4DEA-847A-7F9437BA71E8}.Release|Any CPU.ActiveCfg = Release|Any CPU
		{4C9A4EF4-ECB0-4DEA-847A-7F9437BA71E8}.Release|Any CPU.Build.0 = Release|Any CPU
		{4610F442-9D54-444D-93B2-709FF9E5E336}.Debug|Any CPU.ActiveCfg = Debug|Any CPU
		{4610F442-9D54-444D-93B2-709FF9E5E336}.Debug|Any CPU.Build.0 = Debug|Any CPU
		{4610F442-9D54-444D-93B2-709FF9E5E336}.Release|Any CPU.ActiveCfg = Release|Any CPU
		{4610F442-9D54-444D-93B2-709FF9E5E336}.Release|Any CPU.Build.0 = Release|Any CPU
		{4048269C-7DA0-4C29-A7A5-B651FE3245CB}.Debug|Any CPU.ActiveCfg = Debug|Any CPU
		{4048269C-7DA0-4C29-A7A5-B651FE3245CB}.Debug|Any CPU.Build.0 = Debug|Any CPU
		{4048269C-7DA0-4C29-A7A5-B651FE3245CB}.Release|Any CPU.ActiveCfg = Release|Any CPU
		{4048269C-7DA0-4C29-A7A5-B651FE3245CB}.Release|Any CPU.Build.0 = Release|Any CPU
		{06B94FEB-2738-4F92-BE41-1BA28F8F609F}.Debug|Any CPU.ActiveCfg = Debug|Any CPU
		{06B94FEB-2738-4F92-BE41-1BA28F8F609F}.Debug|Any CPU.Build.0 = Debug|Any CPU
		{06B94FEB-2738-4F92-BE41-1BA28F8F609F}.Release|Any CPU.ActiveCfg = Release|Any CPU
		{06B94FEB-2738-4F92-BE41-1BA28F8F609F}.Release|Any CPU.Build.0 = Release|Any CPU
		{931CF510-D5E0-4F62-9930-8F1D2728E422}.Debug|Any CPU.ActiveCfg = Debug|Any CPU
		{931CF510-D5E0-4F62-9930-8F1D2728E422}.Debug|Any CPU.Build.0 = Debug|Any CPU
		{931CF510-D5E0-4F62-9930-8F1D2728E422}.Release|Any CPU.ActiveCfg = Release|Any CPU
		{931CF510-D5E0-4F62-9930-8F1D2728E422}.Release|Any CPU.Build.0 = Release|Any CPU
		{C632FF3B-EA9C-4617-B7CB-41B1EE309ECD}.Debug|Any CPU.ActiveCfg = Debug|Any CPU
		{C632FF3B-EA9C-4617-B7CB-41B1EE309ECD}.Debug|Any CPU.Build.0 = Debug|Any CPU
		{C632FF3B-EA9C-4617-B7CB-41B1EE309ECD}.Release|Any CPU.ActiveCfg = Release|Any CPU
		{C632FF3B-EA9C-4617-B7CB-41B1EE309ECD}.Release|Any CPU.Build.0 = Release|Any CPU
		{8469809C-3E29-4645-B1C6-EF301BA3A919}.Debug|Any CPU.ActiveCfg = Debug|Any CPU
		{8469809C-3E29-4645-B1C6-EF301BA3A919}.Debug|Any CPU.Build.0 = Debug|Any CPU
		{8469809C-3E29-4645-B1C6-EF301BA3A919}.Release|Any CPU.ActiveCfg = Release|Any CPU
		{8469809C-3E29-4645-B1C6-EF301BA3A919}.Release|Any CPU.Build.0 = Release|Any CPU
		{8E70FE34-BA43-43A5-9DD7-63442E772C11}.Debug|Any CPU.ActiveCfg = Debug|Any CPU
		{8E70FE34-BA43-43A5-9DD7-63442E772C11}.Debug|Any CPU.Build.0 = Debug|Any CPU
		{8E70FE34-BA43-43A5-9DD7-63442E772C11}.Release|Any CPU.ActiveCfg = Release|Any CPU
		{8E70FE34-BA43-43A5-9DD7-63442E772C11}.Release|Any CPU.Build.0 = Release|Any CPU
		{02608767-D0B1-4F8F-ACD6-AF0EE78ECC74}.Debug|Any CPU.ActiveCfg = Debug|Any CPU
		{02608767-D0B1-4F8F-ACD6-AF0EE78ECC74}.Debug|Any CPU.Build.0 = Debug|Any CPU
		{02608767-D0B1-4F8F-ACD6-AF0EE78ECC74}.Release|Any CPU.ActiveCfg = Release|Any CPU
		{02608767-D0B1-4F8F-ACD6-AF0EE78ECC74}.Release|Any CPU.Build.0 = Release|Any CPU
	EndGlobalSection
	GlobalSection(SolutionProperties) = preSolution
		HideSolutionNode = FALSE
	EndGlobalSection
	GlobalSection(NestedProjects) = preSolution
		{376F9959-CD52-4BFA-AEAE-8310DCD13222} = {034473F1-9171-4AFE-83C0-97A4591EDAEF}
		{FC5D9F70-6606-4868-84B6-86FA3546841F} = {034473F1-9171-4AFE-83C0-97A4591EDAEF}
		{4C9A4EF4-ECB0-4DEA-847A-7F9437BA71E8} = {034473F1-9171-4AFE-83C0-97A4591EDAEF}
		{C95B1DF6-1E8C-4F21-926F-E89233EDEC73} = {034473F1-9171-4AFE-83C0-97A4591EDAEF}
		{4610F442-9D54-444D-93B2-709FF9E5E336} = {C95B1DF6-1E8C-4F21-926F-E89233EDEC73}
		{4048269C-7DA0-4C29-A7A5-B651FE3245CB} = {C95B1DF6-1E8C-4F21-926F-E89233EDEC73}
		{06B94FEB-2738-4F92-BE41-1BA28F8F609F} = {B9EAC11D-B2F7-4BD2-BDAB-D153CCAF4A75}
		{931CF510-D5E0-4F62-9930-8F1D2728E422} = {B9EAC11D-B2F7-4BD2-BDAB-D153CCAF4A75}
		{C632FF3B-EA9C-4617-B7CB-41B1EE309ECD} = {B9EAC11D-B2F7-4BD2-BDAB-D153CCAF4A75}
		{8469809C-3E29-4645-B1C6-EF301BA3A919} = {B9EAC11D-B2F7-4BD2-BDAB-D153CCAF4A75}
		{261D4B10-7542-4C0B-A5F6-8F0E6900A3BB} = {B9EAC11D-B2F7-4BD2-BDAB-D153CCAF4A75}
		{8E70FE34-BA43-43A5-9DD7-63442E772C11} = {261D4B10-7542-4C0B-A5F6-8F0E6900A3BB}
		{02608767-D0B1-4F8F-ACD6-AF0EE78ECC74} = {261D4B10-7542-4C0B-A5F6-8F0E6900A3BB}
	EndGlobalSection
	GlobalSection(ExtensibilityGlobals) = postSolution
		SolutionGuid = {F758CF58-3216-404A-9899-EE5D51CAF418}
	EndGlobalSection
EndGlobal
